
Microsoft Visual Studio Solution File, Format Version 12.00
# Visual Studio Version 17
VisualStudioVersion = 17.2.32516.85
MinimumVisualStudioVersion = 10.0.40219.1
Project("{FAE04EC0-301F-11D3-BF4B-00C04F79EFBC}") = "classes_2", "classes_2\classes_2.csproj", "{97FAE865-7AE9-4DCC-93E0-3DCE7F8B7CDD}"
EndProject
Global
	GlobalSection(SolutionConfigurationPlatforms) = preSolution
		Debug|Any CPU = Debug|Any CPU
		Release|Any CPU = Release|Any CPU
	EndGlobalSection
	GlobalSection(ProjectConfigurationPlatforms) = postSolution
		{97FAE865-7AE9-4DCC-93E0-3DCE7F8B7CDD}.Debug|Any CPU.ActiveCfg = Debug|Any CPU
		{97FAE865-7AE9-4DCC-93E0-3DCE7F8B7CDD}.Debug|Any CPU.Build.0 = Debug|Any CPU
		{97FAE865-7AE9-4DCC-93E0-3DCE7F8B7CDD}.Release|Any CPU.ActiveCfg = Release|Any CPU
		{97FAE865-7AE9-4DCC-93E0-3DCE7F8B7CDD}.Release|Any CPU.Build.0 = Release|Any CPU
	EndGlobalSection
	GlobalSection(SolutionProperties) = preSolution
		HideSolutionNode = FALSE
	EndGlobalSection
	GlobalSection(ExtensibilityGlobals) = postSolution
		SolutionGuid = {227B0E6D-1477-4DAF-B681-BB7D922DA6DA}
	EndGlobalSection
EndGlobal
