
Microsoft Visual Studio Solution File, Format Version 12.00
# Visual Studio Version 17
VisualStudioVersion = 17.2.32516.85
MinimumVisualStudioVersion = 10.0.40219.1
Project("{FAE04EC0-301F-11D3-BF4B-00C04F79EFBC}") = "classes_asg_02", "classes_asg_02\classes_asg_02.csproj", "{471A34E5-3241-4166-80D7-F06E12228D66}"
EndProject
Global
	GlobalSection(SolutionConfigurationPlatforms) = preSolution
		Debug|Any CPU = Debug|Any CPU
		Release|Any CPU = Release|Any CPU
	EndGlobalSection
	GlobalSection(ProjectConfigurationPlatforms) = postSolution
		{471A34E5-3241-4166-80D7-F06E12228D66}.Debug|Any CPU.ActiveCfg = Debug|Any CPU
		{471A34E5-3241-4166-80D7-F06E12228D66}.Debug|Any CPU.Build.0 = Debug|Any CPU
		{471A34E5-3241-4166-80D7-F06E12228D66}.Release|Any CPU.ActiveCfg = Release|Any CPU
		{471A34E5-3241-4166-80D7-F06E12228D66}.Release|Any CPU.Build.0 = Release|Any CPU
	EndGlobalSection
	GlobalSection(SolutionProperties) = preSolution
		HideSolutionNode = FALSE
	EndGlobalSection
	GlobalSection(ExtensibilityGlobals) = postSolution
		SolutionGuid = {082A23C0-0004-4CDA-BCB7-C760BB2E97F5}
	EndGlobalSection
EndGlobal
