
Microsoft Visual Studio Solution File, Format Version 12.00
# Visual Studio Version 17
VisualStudioVersion = 17.2.32516.85
MinimumVisualStudioVersion = 10.0.40219.1
Project("{FAE04EC0-301F-11D3-BF4B-00C04F79EFBC}") = "ASG_03", "ASG_03\ASG_03.csproj", "{54A11E3B-D182-4436-879F-04B9C9F3EBA0}"
EndProject
Global
	GlobalSection(SolutionConfigurationPlatforms) = preSolution
		Debug|Any CPU = Debug|Any CPU
		Release|Any CPU = Release|Any CPU
	EndGlobalSection
	GlobalSection(ProjectConfigurationPlatforms) = postSolution
		{54A11E3B-D182-4436-879F-04B9C9F3EBA0}.Debug|Any CPU.ActiveCfg = Debug|Any CPU
		{54A11E3B-D182-4436-879F-04B9C9F3EBA0}.Debug|Any CPU.Build.0 = Debug|Any CPU
		{54A11E3B-D182-4436-879F-04B9C9F3EBA0}.Release|Any CPU.ActiveCfg = Release|Any CPU
		{54A11E3B-D182-4436-879F-04B9C9F3EBA0}.Release|Any CPU.Build.0 = Release|Any CPU
	EndGlobalSection
	GlobalSection(SolutionProperties) = preSolution
		HideSolutionNode = FALSE
	EndGlobalSection
	GlobalSection(ExtensibilityGlobals) = postSolution
		SolutionGuid = {F63AEFC7-68AE-4592-83F7-2B4629C34C75}
	EndGlobalSection
EndGlobal
