
Microsoft Visual Studio Solution File, Format Version 12.00
# Visual Studio Version 17
VisualStudioVersion = 17.2.32602.215
MinimumVisualStudioVersion = 10.0.40219.1
Project("{FAE04EC0-301F-11D3-BF4B-00C04F79EFBC}") = "WebApplication4", "WebApplication4\WebApplication4.csproj", "{0FABC9D4-04CE-466E-AF92-D1740D7C2648}"
EndProject
Global
	GlobalSection(SolutionConfigurationPlatforms) = preSolution
		Debug|Any CPU = Debug|Any CPU
		Release|Any CPU = Release|Any CPU
	EndGlobalSection
	GlobalSection(ProjectConfigurationPlatforms) = postSolution
		{0FABC9D4-04CE-466E-AF92-D1740D7C2648}.Debug|Any CPU.ActiveCfg = Debug|Any CPU
		{0FABC9D4-04CE-466E-AF92-D1740D7C2648}.Debug|Any CPU.Build.0 = Debug|Any CPU
		{0FABC9D4-04CE-466E-AF92-D1740D7C2648}.Release|Any CPU.ActiveCfg = Release|Any CPU
		{0FABC9D4-04CE-466E-AF92-D1740D7C2648}.Release|Any CPU.Build.0 = Release|Any CPU
	EndGlobalSection
	GlobalSection(SolutionProperties) = preSolution
		HideSolutionNode = FALSE
	EndGlobalSection
	GlobalSection(ExtensibilityGlobals) = postSolution
		SolutionGuid = {46F60222-1C20-40C2-BF94-92FBFA32CF30}
	EndGlobalSection
EndGlobal
