
Microsoft Visual Studio Solution File, Format Version 12.00
# Visual Studio Version 17
VisualStudioVersion = 17.2.32516.85
MinimumVisualStudioVersion = 10.0.40219.1
Project("{FAE04EC0-301F-11D3-BF4B-00C04F79EFBC}") = "conditions_4_input_age_check_eligibility_of_a_person", "conditions_4_input_age_check_eligibility_of_a_person\conditions_4_input_age_check_eligibility_of_a_person.csproj", "{A480A60E-B700-44EC-8361-C24AE9EB3412}"
EndProject
Global
	GlobalSection(SolutionConfigurationPlatforms) = preSolution
		Debug|Any CPU = Debug|Any CPU
		Release|Any CPU = Release|Any CPU
	EndGlobalSection
	GlobalSection(ProjectConfigurationPlatforms) = postSolution
		{A480A60E-B700-44EC-8361-C24AE9EB3412}.Debug|Any CPU.ActiveCfg = Debug|Any CPU
		{A480A60E-B700-44EC-8361-C24AE9EB3412}.Debug|Any CPU.Build.0 = Debug|Any CPU
		{A480A60E-B700-44EC-8361-C24AE9EB3412}.Release|Any CPU.ActiveCfg = Release|Any CPU
		{A480A60E-B700-44EC-8361-C24AE9EB3412}.Release|Any CPU.Build.0 = Release|Any CPU
	EndGlobalSection
	GlobalSection(SolutionProperties) = preSolution
		HideSolutionNode = FALSE
	EndGlobalSection
	GlobalSection(ExtensibilityGlobals) = postSolution
		SolutionGuid = {54778D2A-1505-4CEE-B499-A6C3EE25F583}
	EndGlobalSection
EndGlobal
