
Microsoft Visual Studio Solution File, Format Version 12.00
# Visual Studio Version 17
VisualStudioVersion = 17.2.32602.215
MinimumVisualStudioVersion = 10.0.40219.1
Project("{FAE04EC0-301F-11D3-BF4B-00C04F79EFBC}") = "genericlistsexample", "genericlistsexample\genericlistsexample.csproj", "{80628825-4405-433A-9CC4-BC0AC5FC1827}"
EndProject
Global
	GlobalSection(SolutionConfigurationPlatforms) = preSolution
		Debug|Any CPU = Debug|Any CPU
		Release|Any CPU = Release|Any CPU
	EndGlobalSection
	GlobalSection(ProjectConfigurationPlatforms) = postSolution
		{80628825-4405-433A-9CC4-BC0AC5FC1827}.Debug|Any CPU.ActiveCfg = Debug|Any CPU
		{80628825-4405-433A-9CC4-BC0AC5FC1827}.Debug|Any CPU.Build.0 = Debug|Any CPU
		{80628825-4405-433A-9CC4-BC0AC5FC1827}.Release|Any CPU.ActiveCfg = Release|Any CPU
		{80628825-4405-433A-9CC4-BC0AC5FC1827}.Release|Any CPU.Build.0 = Release|Any CPU
	EndGlobalSection
	GlobalSection(SolutionProperties) = preSolution
		HideSolutionNode = FALSE
	EndGlobalSection
	GlobalSection(ExtensibilityGlobals) = postSolution
		SolutionGuid = {ED9909B4-F5A3-49C1-B98D-D82FC34CFF88}
	EndGlobalSection
EndGlobal
