
Microsoft Visual Studio Solution File, Format Version 12.00
# Visual Studio Version 17
VisualStudioVersion = 17.2.32602.215
MinimumVisualStudioVersion = 10.0.40219.1
Project("{FAE04EC0-301F-11D3-BF4B-00C04F79EFBC}") = "listsproject", "listsproject\listsproject.csproj", "{0F7D1420-8E6F-4F45-BA16-3335FF9107EA}"
EndProject
Global
	GlobalSection(SolutionConfigurationPlatforms) = preSolution
		Debug|Any CPU = Debug|Any CPU
		Release|Any CPU = Release|Any CPU
	EndGlobalSection
	GlobalSection(ProjectConfigurationPlatforms) = postSolution
		{0F7D1420-8E6F-4F45-BA16-3335FF9107EA}.Debug|Any CPU.ActiveCfg = Debug|Any CPU
		{0F7D1420-8E6F-4F45-BA16-3335FF9107EA}.Debug|Any CPU.Build.0 = Debug|Any CPU
		{0F7D1420-8E6F-4F45-BA16-3335FF9107EA}.Release|Any CPU.ActiveCfg = Release|Any CPU
		{0F7D1420-8E6F-4F45-BA16-3335FF9107EA}.Release|Any CPU.Build.0 = Release|Any CPU
	EndGlobalSection
	GlobalSection(SolutionProperties) = preSolution
		HideSolutionNode = FALSE
	EndGlobalSection
	GlobalSection(ExtensibilityGlobals) = postSolution
		SolutionGuid = {CDA97480-B800-4B0F-A6CB-F3FC1CF24B24}
	EndGlobalSection
EndGlobal
