
Microsoft Visual Studio Solution File, Format Version 12.00
# Visual Studio Version 17
VisualStudioVersion = 17.2.32516.85
MinimumVisualStudioVersion = 10.0.40219.1
Project("{FAE04EC0-301F-11D3-BF4B-00C04F79EFBC}") = "student_classes", "student_classes\student_classes.csproj", "{7B8E5BE6-8DEC-492A-AEBE-9BB0FFB40B15}"
EndProject
Global
	GlobalSection(SolutionConfigurationPlatforms) = preSolution
		Debug|Any CPU = Debug|Any CPU
		Release|Any CPU = Release|Any CPU
	EndGlobalSection
	GlobalSection(ProjectConfigurationPlatforms) = postSolution
		{7B8E5BE6-8DEC-492A-AEBE-9BB0FFB40B15}.Debug|Any CPU.ActiveCfg = Debug|Any CPU
		{7B8E5BE6-8DEC-492A-AEBE-9BB0FFB40B15}.Debug|Any CPU.Build.0 = Debug|Any CPU
		{7B8E5BE6-8DEC-492A-AEBE-9BB0FFB40B15}.Release|Any CPU.ActiveCfg = Release|Any CPU
		{7B8E5BE6-8DEC-492A-AEBE-9BB0FFB40B15}.Release|Any CPU.Build.0 = Release|Any CPU
	EndGlobalSection
	GlobalSection(SolutionProperties) = preSolution
		HideSolutionNode = FALSE
	EndGlobalSection
	GlobalSection(ExtensibilityGlobals) = postSolution
		SolutionGuid = {2924C576-69C0-472F-BDB1-B7E948E59902}
	EndGlobalSection
EndGlobal
