
Microsoft Visual Studio Solution File, Format Version 12.00
# Visual Studio Version 17
VisualStudioVersion = 17.2.32602.215
MinimumVisualStudioVersion = 10.0.40219.1
Project("{FAE04EC0-301F-11D3-BF4B-00C04F79EFBC}") = "nameslist", "nameslist\nameslist.csproj", "{F40FCC08-D19D-47AF-B311-60B1E1752C98}"
EndProject
Global
	GlobalSection(SolutionConfigurationPlatforms) = preSolution
		Debug|Any CPU = Debug|Any CPU
		Release|Any CPU = Release|Any CPU
	EndGlobalSection
	GlobalSection(ProjectConfigurationPlatforms) = postSolution
		{F40FCC08-D19D-47AF-B311-60B1E1752C98}.Debug|Any CPU.ActiveCfg = Debug|Any CPU
		{F40FCC08-D19D-47AF-B311-60B1E1752C98}.Debug|Any CPU.Build.0 = Debug|Any CPU
		{F40FCC08-D19D-47AF-B311-60B1E1752C98}.Release|Any CPU.ActiveCfg = Release|Any CPU
		{F40FCC08-D19D-47AF-B311-60B1E1752C98}.Release|Any CPU.Build.0 = Release|Any CPU
	EndGlobalSection
	GlobalSection(SolutionProperties) = preSolution
		HideSolutionNode = FALSE
	EndGlobalSection
	GlobalSection(ExtensibilityGlobals) = postSolution
		SolutionGuid = {25458E00-EB43-44F6-9135-2969FFD19715}
	EndGlobalSection
EndGlobal
