
Microsoft Visual Studio Solution File, Format Version 12.00
# Visual Studio Version 17
VisualStudioVersion = 17.2.32516.85
MinimumVisualStudioVersion = 10.0.40219.1
Project("{FAE04EC0-301F-11D3-BF4B-00C04F79EFBC}") = "FUNCTIONS_1", "FUNCTIONS_1\FUNCTIONS_1.csproj", "{084791F7-7A33-4D39-AE25-F21676BFCB9C}"
EndProject
Global
	GlobalSection(SolutionConfigurationPlatforms) = preSolution
		Debug|Any CPU = Debug|Any CPU
		Release|Any CPU = Release|Any CPU
	EndGlobalSection
	GlobalSection(ProjectConfigurationPlatforms) = postSolution
		{084791F7-7A33-4D39-AE25-F21676BFCB9C}.Debug|Any CPU.ActiveCfg = Debug|Any CPU
		{084791F7-7A33-4D39-AE25-F21676BFCB9C}.Debug|Any CPU.Build.0 = Debug|Any CPU
		{084791F7-7A33-4D39-AE25-F21676BFCB9C}.Release|Any CPU.ActiveCfg = Release|Any CPU
		{084791F7-7A33-4D39-AE25-F21676BFCB9C}.Release|Any CPU.Build.0 = Release|Any CPU
	EndGlobalSection
	GlobalSection(SolutionProperties) = preSolution
		HideSolutionNode = FALSE
	EndGlobalSection
	GlobalSection(ExtensibilityGlobals) = postSolution
		SolutionGuid = {CFB1544F-AFB3-40DF-93C9-24CE7A87172D}
	EndGlobalSection
EndGlobal
