
Microsoft Visual Studio Solution File, Format Version 12.00
# Visual Studio Version 17
VisualStudioVersion = 17.2.32602.215
MinimumVisualStudioVersion = 10.0.40219.1
Project("{FAE04EC0-301F-11D3-BF4B-00C04F79EFBC}") = "cricket_player_using list", "cricket_player_using list\cricket_player_using list.csproj", "{9131FE4C-2030-4FA0-A534-D00AE8940359}"
EndProject
Global
	GlobalSection(SolutionConfigurationPlatforms) = preSolution
		Debug|Any CPU = Debug|Any CPU
		Release|Any CPU = Release|Any CPU
	EndGlobalSection
	GlobalSection(ProjectConfigurationPlatforms) = postSolution
		{9131FE4C-2030-4FA0-A534-D00AE8940359}.Debug|Any CPU.ActiveCfg = Debug|Any CPU
		{9131FE4C-2030-4FA0-A534-D00AE8940359}.Debug|Any CPU.Build.0 = Debug|Any CPU
		{9131FE4C-2030-4FA0-A534-D00AE8940359}.Release|Any CPU.ActiveCfg = Release|Any CPU
		{9131FE4C-2030-4FA0-A534-D00AE8940359}.Release|Any CPU.Build.0 = Release|Any CPU
	EndGlobalSection
	GlobalSection(SolutionProperties) = preSolution
		HideSolutionNode = FALSE
	EndGlobalSection
	GlobalSection(ExtensibilityGlobals) = postSolution
		SolutionGuid = {2A4DF9BC-E7CB-4BC8-8607-DFCDBE7D9F87}
	EndGlobalSection
EndGlobal
