
Microsoft Visual Studio Solution File, Format Version 12.00
# Visual Studio Version 17
VisualStudioVersion = 17.2.32516.85
MinimumVisualStudioVersion = 10.0.40219.1
Project("{FAE04EC0-301F-11D3-BF4B-00C04F79EFBC}") = "hello_world", "hello_world\hello_world.csproj", "{1613FF26-2574-4C0E-8C91-FF1B48D33575}"
EndProject
Global
	GlobalSection(SolutionConfigurationPlatforms) = preSolution
		Debug|Any CPU = Debug|Any CPU
		Release|Any CPU = Release|Any CPU
	EndGlobalSection
	GlobalSection(ProjectConfigurationPlatforms) = postSolution
		{1613FF26-2574-4C0E-8C91-FF1B48D33575}.Debug|Any CPU.ActiveCfg = Debug|Any CPU
		{1613FF26-2574-4C0E-8C91-FF1B48D33575}.Debug|Any CPU.Build.0 = Debug|Any CPU
		{1613FF26-2574-4C0E-8C91-FF1B48D33575}.Release|Any CPU.ActiveCfg = Release|Any CPU
		{1613FF26-2574-4C0E-8C91-FF1B48D33575}.Release|Any CPU.Build.0 = Release|Any CPU
	EndGlobalSection
	GlobalSection(SolutionProperties) = preSolution
		HideSolutionNode = FALSE
	EndGlobalSection
	GlobalSection(ExtensibilityGlobals) = postSolution
		SolutionGuid = {3EF2596D-E624-4759-BBF8-7EEF390719C6}
	EndGlobalSection
EndGlobal
